// !$*UTF8*$!
{
	archiveVersion = 1;
	classes = {
	};
	objectVersion = 46;
	objects = {

/* Begin PBXBuildFile section */
		C6D298EA1D26AA14003BA966 /* main.m in Sources */ = {isa = PBXBuildFile; fileRef = C6D298E91D26AA14003BA966 /* main.m */; };
		C6D298ED1D26AA14003BA966 /* AppDelegate.m in Sources */ = {isa = PBXBuildFile; fileRef = C6D298EC1D26AA14003BA966 /* AppDelegate.m */; };
		C6D298F01D26AA14003BA966 /* ViewController.m in Sources */ = {isa = PBXBuildFile; fileRef = C6D298EF1D26AA14003BA966 /* ViewController.m */; };
		C6D298F31D26AA14003BA966 /* Main.storyboard in Resources */ = {isa = PBXBuildFile; fileRef = C6D298F11D26AA14003BA966 /* Main.storyboard */; };
		C6D298F51D26AA14003BA966 /* Assets.xcassets in Resources */ = {isa = PBXBuildFile; fileRef = C6D298F41D26AA14003BA966 /* Assets.xcassets */; };
		C6D298F81D26AA14003BA966 /* LaunchScreen.storyboard in Resources */ = {isa = PBXBuildFile; fileRef = C6D298F61D26AA14003BA966 /* LaunchScreen.storyboard */; };
		C6D299031D26AA14003BA966 /* VideoPlayerDemoTests.m in Sources */ = {isa = PBXBuildFile; fileRef = C6D299021D26AA14003BA966 /* VideoPlayerDemoTests.m */; };
		C6D2990E1D26AA14003BA966 /* VideoPlayerDemoUITests.m in Sources */ = {isa = PBXBuildFile; fileRef = C6D2990D1D26AA14003BA966 /* VideoPlayerDemoUITests.m */; };
/* End PBXBuildFile section */

/* Begin PBXContainerItemProxy section */
		C6D298FF1D26AA14003BA966 /* PBXContainerItemProxy */ = {
			isa = PBXContainerItemProxy;
			containerPortal = C6D298DD1D26AA14003BA966 /* Project object */;
			proxyType = 1;
			remoteGlobalIDString = C6D298E41D26AA14003BA966;
			remoteInfo = VideoPlayerDemo;
		};
		C6D2990A1D26AA14003BA966 /* PBXContainerItemProxy */ = {
			isa = PBXContainerItemProxy;
			containerPortal = C6D298DD1D26AA14003BA966 /* Project object */;
			proxyType = 1;
			remoteGlobalIDString = C6D298E41D26AA14003BA966;
			remoteInfo = VideoPlayerDemo;
		};
/* End PBXContainerItemProxy section */

/* Begin PBXFileReference section */
		C6D298E51D26AA14003BA966 /* VideoPlayerDemo.app */ = {isa = PBXFileReference; explicitFileType = wrapper.application; includeInIndex = 0; path = VideoPlayerDemo.app; sourceTree = BUILT_PRODUCTS_DIR; };
		C6D298E91D26AA14003BA966 /* main.m */ = {isa = PBXFileReference; lastKnownFileType = sourcecode.c.objc; path = main.m; sourceTree = "<group>"; };
		C6D298EB1D26AA14003BA966 /* AppDelegate.h */ = {isa = PBXFileReference; lastKnownFileType = sourcecode.c.h; path = AppDelegate.h; sourceTree = "<group>"; };
		C6D298EC1D26AA14003BA966 /* AppDelegate.m */ = {isa = PBXFileReference; lastKnownFileType = sourcecode.c.objc; path = AppDelegate.m; sourceTree = "<group>"; };
		C6D298EE1D26AA14003BA966 /* ViewController.h */ = {isa = PBXFileReference; lastKnownFileType = sourcecode.c.h; path = ViewController.h; sourceTree = "<group>"; };
		C6D298EF1D26AA14003BA966 /* ViewController.m */ = {isa = PBXFileReference; lastKnownFileType = sourcecode.c.objc; path = ViewController.m; sourceTree = "<group>"; };
		C6D298F21D26AA14003BA966 /* Base */ = {isa = PBXFileReference; lastKnownFileType = file.storyboard; name = Base; path = Base.lproj/Main.storyboard; sourceTree = "<group>"; };
		C6D298F41D26AA14003BA966 /* Assets.xcassets */ = {isa = PBXFileReference; lastKnownFileType = folder.assetcatalog; path = Assets.xcassets; sourceTree = "<group>"; };
		C6D298F71D26AA14003BA966 /* Base */ = {isa = PBXFileReference; lastKnownFileType = file.storyboard; name = Base; path = Base.lproj/LaunchScreen.storyboard; sourceTree = "<group>"; };
		C6D298F91D26AA14003BA966 /* Info.plist */ = {isa = PBXFileReference; lastKnownFileType = text.plist.xml; path = Info.plist; sourceTree = "<group>"; };
		C6D298FE1D26AA14003BA966 /* VideoPlayerDemoTests.xctest */ = {isa = PBXFileReference; explicitFileType = wrapper.cfbundle; includeInIndex = 0; path = VideoPlayerDemoTests.xctest; sourceTree = BUILT_PRODUCTS_DIR; };
		C6D299021D26AA14003BA966 /* VideoPlayerDemoTests.m */ = {isa = PBXFileReference; lastKnownFileType = sourcecode.c.objc; path = VideoPlayerDemoTests.m; sourceTree = "<group>"; };
		C6D299041D26AA14003BA966 /* Info.plist */ = {isa = PBXFileReference; lastKnownFileType = text.plist.xml; path = Info.plist; sourceTree = "<group>"; };
		C6D299091D26AA14003BA966 /* VideoPlayerDemoUITests.xctest */ = {isa = PBXFileReference; explicitFileType = wrapper.cfbundle; includeInIndex = 0; path = VideoPlayerDemoUITests.xctest; sourceTree = BUILT_PRODUCTS_DIR; };
		C6D2990D1D26AA14003BA966 /* VideoPlayerDemoUITests.m */ = {isa = PBXFileReference; lastKnownFileType = sourcecode.c.objc; path = VideoPlayerDemoUITests.m; sourceTree = "<group>"; };
		C6D2990F1D26AA14003BA966 /* Info.plist */ = {isa = PBXFileReference; lastKnownFileType = text.plist.xml; path = Info.plist; sourceTree = "<group>"; };
/* End PBXFileReference section */

/* Begin PBXFrameworksBuildPhase section */
		C6D298E21D26AA14003BA966 /* Frameworks */ = {
			isa = PBXFrameworksBuildPhase;
			buildActionMask = 2147483647;
			files = (
			);
			runOnlyForDeploymentPostprocessing = 0;
		};
		C6D298FB1D26AA14003BA966 /* Frameworks */ = {
			isa = PBXFrameworksBuildPhase;
			buildActionMask = 2147483647;
			files = (
			);
			runOnlyForDeploymentPostprocessing = 0;
		};
		C6D299061D26AA14003BA966 /* Frameworks */ = {
			isa = PBXFrameworksBuildPhase;
			buildActionMask = 2147483647;
			files = (
			);
			runOnlyForDeploymentPostprocessing = 0;
		};
/* End PBXFrameworksBuildPhase section */

/* Begin PBXGroup section */
		C6D298DC1D26AA14003BA966 = {
			isa = PBXGroup;
			children = (
				C6D298E71D26AA14003BA966 /* VideoPlayerDemo */,
				C6D299011D26AA14003BA966 /* VideoPlayerDemoTests */,
				C6D2990C1D26AA14003BA966 /* VideoPlayerDemoUITests */,
				C6D298E61D26AA14003BA966 /* Products */,
			);
			sourceTree = "<group>";
		};
		C6D298E61D26AA14003BA966 /* Products */ = {
			isa = PBXGroup;
			children = (
				C6D298E51D26AA14003BA966 /* VideoPlayerDemo.app */,
				C6D298FE1D26AA14003BA966 /* VideoPlayerDemoTests.xctest */,
				C6D299091D26AA14003BA966 /* VideoPlayerDemoUITests.xctest */,
			);
			name = Products;
			sourceTree = "<group>";
		};
		C6D298E71D26AA14003BA966 /* VideoPlayerDemo */ = {
			isa = PBXGroup;
			children = (
				C6D298EB1D26AA14003BA966 /* AppDelegate.h */,
				C6D298EC1D26AA14003BA966 /* AppDelegate.m */,
				C6D298EE1D26AA14003BA966 /* ViewController.h */,
				C6D298EF1D26AA14003BA966 /* ViewController.m */,
				C6D298F11D26AA14003BA966 /* Main.storyboard */,
				C6D298F41D26AA14003BA966 /* Assets.xcassets */,
				C6D298F61D26AA14003BA966 /* LaunchScreen.storyboard */,
				C6D298F91D26AA14003BA966 /* Info.plist */,
				C6D298E81D26AA14003BA966 /* Supporting Files */,
			);
			path = VideoPlayerDemo;
			sourceTree = "<group>";
		};
		C6D298E81D26AA14003BA966 /* Supporting Files */ = {
			isa = PBXGroup;
			children = (
				C6D298E91D26AA14003BA966 /* main.m */,
			);
			name = "Supporting Files";
			sourceTree = "<group>";
		};
		C6D299011D26AA14003BA966 /* VideoPlayerDemoTests */ = {
			isa = PBXGroup;
			children = (
				C6D299021D26AA14003BA966 /* VideoPlayerDemoTests.m */,
				C6D299041D26AA14003BA966 /* Info.plist */,
			);
			path = VideoPlayerDemoTests;
			sourceTree = "<group>";
		};
		C6D2990C1D26AA14003BA966 /* VideoPlayerDemoUITests */ = {
			isa = PBXGroup;
			children = (
				C6D2990D1D26AA14003BA966 /* VideoPlayerDemoUITests.m */,
				C6D2990F1D26AA14003BA966 /* Info.plist */,
			);
			path = VideoPlayerDemoUITests;
			sourceTree = "<group>";
		};
/* End PBXGroup section */

/* Begin PBXNativeTarget section */
		C6D298E41D26AA14003BA966 /* VideoPlayerDemo */ = {
			isa = PBXNativeTarget;
			buildConfigurationList = C6D299121D26AA14003BA966 /* Build configuration list for PBXNativeTarget "VideoPlayerDemo" */;
			buildPhases = (
				C6D298E11D26AA14003BA966 /* Sources */,
				C6D298E21D26AA14003BA966 /* Frameworks */,
				C6D298E31D26AA14003BA966 /* Resources */,
			);
			buildRules = (
			);
			dependencies = (
			);
			name = VideoPlayerDemo;
			productName = VideoPlayerDemo;
			productReference = C6D298E51D26AA14003BA966 /* VideoPlayerDemo.app */;
			productType = "com.apple.product-type.application";
		};
		C6D298FD1D26AA14003BA966 /* VideoPlayerDemoTests */ = {
			isa = PBXNativeTarget;
			buildConfigurationList = C6D299151D26AA14003BA966 /* Build configuration list for PBXNativeTarget "VideoPlayerDemoTests" */;
			buildPhases = (
				C6D298FA1D26AA14003BA966 /* Sources */,
				C6D298FB1D26AA14003BA966 /* Frameworks */,
				C6D298FC1D26AA14003BA966 /* Resources */,
			);
			buildRules = (
			);
			dependencies = (
				C6D299001D26AA14003BA966 /* PBXTargetDependency */,
			);
			name = VideoPlayerDemoTests;
			productName = VideoPlayerDemoTests;
			productReference = C6D298FE1D26AA14003BA966 /* VideoPlayerDemoTests.xctest */;
			productType = "com.apple.product-type.bundle.unit-test";
		};
		C6D299081D26AA14003BA966 /* VideoPlayerDemoUITests */ = {
			isa = PBXNativeTarget;
			buildConfigurationList = C6D299181D26AA14003BA966 /* Build configuration list for PBXNativeTarget "VideoPlayerDemoUITests" */;
			buildPhases = (
				C6D299051D26AA14003BA966 /* Sources */,
				C6D299061D26AA14003BA966 /* Frameworks */,
				C6D299071D26AA14003BA966 /* Resources */,
			);
			buildRules = (
			);
			dependencies = (
				C6D2990B1D26AA14003BA966 /* PBXTargetDependency */,
			);
			name = VideoPlayerDemoUITests;
			productName = VideoPlayerDemoUITests;
			productReference = C6D299091D26AA14003BA966 /* VideoPlayerDemoUITests.xctest */;
			productType = "com.apple.product-type.bundle.ui-testing";
		};
/* End PBXNativeTarget section */

/* Begin PBXProject section */
		C6D298DD1D26AA14003BA966 /* Project object */ = {
			isa = PBXProject;
			attributes = {
				LastUpgradeCheck = 0730;
				ORGANIZATIONNAME = "王爽";
				TargetAttributes = {
					C6D298E41D26AA14003BA966 = {
						CreatedOnToolsVersion = 7.3.1;
					};
					C6D298FD1D26AA14003BA966 = {
						CreatedOnToolsVersion = 7.3.1;
						TestTargetID = C6D298E41D26AA14003BA966;
					};
					C6D299081D26AA14003BA966 = {
						CreatedOnToolsVersion = 7.3.1;
						TestTargetID = C6D298E41D26AA14003BA966;
					};
				};
			};
			buildConfigurationList = C6D298E01D26AA14003BA966 /* Build configuration list for PBXProject "VideoPlayerDemo" */;
			compatibilityVersion = "Xcode 3.2";
			developmentRegion = English;
			hasScannedForEncodings = 0;
			knownRegions = (
				en,
				Base,
			);
			mainGroup = C6D298DC1D26AA14003BA966;
			productRefGroup = C6D298E61D26AA14003BA966 /* Products */;
			projectDirPath = "";
			projectRoot = "";
			targets = (
				C6D298E41D26AA14003BA966 /* VideoPlayerDemo */,
				C6D298FD1D26AA14003BA966 /* VideoPlayerDemoTests */,
				C6D299081D26AA14003BA966 /* VideoPlayerDemoUITests */,
			);
		};
/* End PBXProject section */

/* Begin PBXResourcesBuildPhase section */
		C6D298E31D26AA14003BA966 /* Resources */ = {
			isa = PBXResourcesBuildPhase;
			buildActionMask = 2147483647;
			files = (
				C6D298F81D26AA14003BA966 /* LaunchScreen.storyboard in Resources */,
				C6D298F51D26AA14003BA966 /* Assets.xcassets in Resources */,
				C6D298F31D26AA14003BA966 /* Main.storyboard in Resources */,
			);
			runOnlyForDeploymentPostprocessing = 0;
		};
		C6D298FC1D26AA14003BA966 /* Resources */ = {
			isa = PBXResourcesBuildPhase;
			buildActionMask = 2147483647;
			files = (
			);
			runOnlyForDeploymentPostprocessing = 0;
		};
		C6D299071D26AA14003BA966 /* Resources */ = {
			isa = PBXResourcesBuildPhase;
			buildActionMask = 2147483647;
			files = (
			);
			runOnlyForDeploymentPostprocessing = 0;
		};
/* End PBXResourcesBuildPhase section */

/* Begin PBXSourcesBuildPhase section */
		C6D298E11D26AA14003BA966 /* Sources */ = {
			isa = PBXSourcesBuildPhase;
			buildActionMask = 2147483647;
			files = (
				C6D298F01D26AA14003BA966 /* ViewController.m in Sources */,
				C6D298ED1D26AA14003BA966 /* AppDelegate.m in Sources */,
				C6D298EA1D26AA14003BA966 /* main.m in Sources */,
			);
			runOnlyForDeploymentPostprocessing = 0;
		};
		C6D298FA1D26AA14003BA966 /* Sources */ = {
			isa = PBXSourcesBuildPhase;
			buildActionMask = 2147483647;
			files = (
				C6D299031D26AA14003BA966 /* VideoPlayerDemoTests.m in Sources */,
			);
			runOnlyForDeploymentPostprocessing = 0;
		};
		C6D299051D26AA14003BA966 /* Sources */ = {
			isa = PBXSourcesBuildPhase;
			buildActionMask = 2147483647;
			files = (
				C6D2990E1D26AA14003BA966 /* VideoPlayerDemoUITests.m in Sources */,
			);
			runOnlyForDeploymentPostprocessing = 0;
		};
/* End PBXSourcesBuildPhase section */

/* Begin PBXTargetDependency section */
		C6D299001D26AA14003BA966 /* PBXTargetDependency */ = {
			isa = PBXTargetDependency;
			target = C6D298E41D26AA14003BA966 /* VideoPlayerDemo */;
			targetProxy = C6D298FF1D26AA14003BA966 /* PBXContainerItemProxy */;
		};
		C6D2990B1D26AA14003BA966 /* PBXTargetDependency */ = {
			isa = PBXTargetDependency;
			target = C6D298E41D26AA14003BA966 /* VideoPlayerDemo */;
			targetProxy = C6D2990A1D26AA14003BA966 /* PBXContainerItemProxy */;
		};
/* End PBXTargetDependency section */

/* Begin PBXVariantGroup section */
		C6D298F11D26AA14003BA966 /* Main.storyboard */ = {
			isa = PBXVariantGroup;
			children = (
				C6D298F21D26AA14003BA966 /* Base */,
			);
			name = Main.storyboard;
			sourceTree = "<group>";
		};
		C6D298F61D26AA14003BA966 /* LaunchScreen.storyboard */ = {
			isa = PBXVariantGroup;
			children = (
				C6D298F71D26AA14003BA966 /* Base */,
			);
			name = LaunchScreen.storyboard;
			sourceTree = "<group>";
		};
/* End PBXVariantGroup section */

/* Begin XCBuildConfiguration section */
		C6D299101D26AA14003BA966 /* Debug */ = {
			isa = XCBuildConfiguration;
			buildSettings = {
				ALWAYS_SEARCH_USER_PATHS = NO;
				CLANG_ANALYZER_NONNULL = YES;
				CLANG_CXX_LANGUAGE_STANDARD = "gnu++0x";
				CLANG_CXX_LIBRARY = "libc++";
				CLANG_ENABLE_MODULES = YES;
				CLANG_ENABLE_OBJC_ARC = YES;
				CLANG_WARN_BOOL_CONVERSION = YES;
				CLANG_WARN_CONSTANT_CONVERSION = YES;
				CLANG_WARN_DIRECT_OBJC_ISA_USAGE = YES_ERROR;
				CLANG_WARN_EMPTY_BODY = YES;
				CLANG_WARN_ENUM_CONVERSION = YES;
				CLANG_WARN_INT_CONVERSION = YES;
				CLANG_WARN_OBJC_ROOT_CLASS = YES_ERROR;
				CLANG_WARN_UNREACHABLE_CODE = YES;
				CLANG_WARN__DUPLICATE_METHOD_MATCH = YES;
				"CODE_SIGN_IDENTITY[sdk=iphoneos*]" = "iPhone Developer";
				COPY_PHASE_STRIP = NO;
				DEBUG_INFORMATION_FORMAT = dwarf;
				ENABLE_STRICT_OBJC_MSGSEND = YES;
				ENABLE_TESTABILITY = YES;
				GCC_C_LANGUAGE_STANDARD = gnu99;
				GCC_DYNAMIC_NO_PIC = NO;
				GCC_NO_COMMON_BLOCKS = YES;
				GCC_OPTIMIZATION_LEVEL = 0;
				GCC_PREPROCESSOR_DEFINITIONS = (
					"DEBUG=1",
					"$(inherited)",
				);
				GCC_WARN_64_TO_32_BIT_CONVERSION = YES;
				GCC_WARN_ABOUT_RETURN_TYPE = YES_ERROR;
				GCC_WARN_UNDECLARED_SELECTOR = YES;
				GCC_WARN_UNINITIALIZED_AUTOS = YES_AGGRESSIVE;
				GCC_WARN_UNUSED_FUNCTION = YES;
				GCC_WARN_UNUSED_VARIABLE = YES;
				IPHONEOS_DEPLOYMENT_TARGET = 9.3;
				MTL_ENABLE_DEBUG_INFO = YES;
				ONLY_ACTIVE_ARCH = YES;
				SDKROOT = iphoneos;
				TARGETED_DEVICE_FAMILY = "1,2";
			};
			name = Debug;
		};
		C6D299111D26AA14003BA966 /* Release */ = {
			isa = XCBuildConfiguration;
			buildSettings = {
				ALWAYS_SEARCH_USER_PATHS = NO;
				CLANG_ANALYZER_NONNULL = YES;
				CLANG_CXX_LANGUAGE_STANDARD = "gnu++0x";
				CLANG_CXX_LIBRARY = "libc++";
				CLANG_ENABLE_MODULES = YES;
				CLANG_ENABLE_OBJC_ARC = YES;
				CLANG_WARN_BOOL_CONVERSION = YES;
				CLANG_WARN_CONSTANT_CONVERSION = YES;
				CLANG_WARN_DIRECT_OBJC_ISA_USAGE = YES_ERROR;
				CLANG_WARN_EMPTY_BODY = YES;
				CLANG_WARN_ENUM_CONVERSION = YES;
				CLANG_WARN_INT_CONVERSION = YES;
				CLANG_WARN_OBJC_ROOT_CLASS = YES_ERROR;
				CLANG_WARN_UNREACHABLE_CODE = YES;
				CLANG_WARN__DUPLICATE_METHOD_MATCH = YES;
				"CODE_SIGN_IDENTITY[sdk=iphoneos*]" = "iPhone Developer";
				COPY_PHASE_STRIP = NO;
				DEBUG_INFORMATION_FORMAT = "dwarf-with-dsym";
				ENABLE_NS_ASSERTIONS = NO;
				ENABLE_STRICT_OBJC_MSGSEND = YES;
				GCC_C_LANGUAGE_STANDARD = gnu99;
				GCC_NO_COMMON_BLOCKS = YES;
				GCC_WARN_64_TO_32_BIT_CONVERSION = YES;
				GCC_WARN_ABOUT_RETURN_TYPE = YES_ERROR;
				GCC_WARN_UNDECLARED_SELECTOR = YES;
				GCC_WARN_UNINITIALIZED_AUTOS = YES_AGGRESSIVE;
				GCC_WARN_UNUSED_FUNCTION = YES;
				GCC_WARN_UNUSED_VARIABLE = YES;
				IPHONEOS_DEPLOYMENT_TARGET = 9.3;
				MTL_ENABLE_DEBUG_INFO = NO;
				SDKROOT = iphoneos;
				TARGETED_DEVICE_FAMILY = "1,2";
				VALIDATE_PRODUCT = YES;
			};
			name = Release;
		};
		C6D299131D26AA14003BA966 /* Debug */ = {
			isa = XCBuildConfiguration;
			buildSettings = {
				ASSETCATALOG_COMPILER_APPICON_NAME = AppIcon;
				INFOPLIST_FILE = VideoPlayerDemo/Info.plist;
				LD_RUNPATH_SEARCH_PATHS = "$(inherited) @executable_path/Frameworks";
				PRODUCT_BUNDLE_IDENTIFIER = com.wagnshuang.VideoPlayerDemo;
				PRODUCT_NAME = "$(TARGET_NAME)";
			};
			name = Debug;
		};
		C6D299141D26AA14003BA966 /* Release */ = {
			isa = XCBuildConfiguration;
			buildSettings = {
				ASSETCATALOG_COMPILER_APPICON_NAME = AppIcon;
				INFOPLIST_FILE = VideoPlayerDemo/Info.plist;
				LD_RUNPATH_SEARCH_PATHS = "$(inherited) @executable_path/Frameworks";
				PRODUCT_BUNDLE_IDENTIFIER = com.wagnshuang.VideoPlayerDemo;
				PRODUCT_NAME = "$(TARGET_NAME)";
			};
			name = Release;
		};
		C6D299161D26AA14003BA966 /* Debug */ = {
			isa = XCBuildConfiguration;
			buildSettings = {
				BUNDLE_LOADER = "$(TEST_HOST)";
				INFOPLIST_FILE = VideoPlayerDemoTests/Info.plist;
				LD_RUNPATH_SEARCH_PATHS = "$(inherited) @executable_path/Frameworks @loader_path/Frameworks";
				PRODUCT_BUNDLE_IDENTIFIER = com.wagnshuang.VideoPlayerDemoTests;
				PRODUCT_NAME = "$(TARGET_NAME)";
				TEST_HOST = "$(BUILT_PRODUCTS_DIR)/VideoPlayerDemo.app/VideoPlayerDemo";
			};
			name = Debug;
		};
		C6D299171D26AA14003BA966 /* Release */ = {
			isa = XCBuildConfiguration;
			buildSettings = {
				BUNDLE_LOADER = "$(TEST_HOST)";
				INFOPLIST_FILE = VideoPlayerDemoTests/Info.plist;
				LD_RUNPATH_SEARCH_PATHS = "$(inherited) @executable_path/Frameworks @loader_path/Frameworks";
				PRODUCT_BUNDLE_IDENTIFIER = com.wagnshuang.VideoPlayerDemoTests;
				PRODUCT_NAME = "$(TARGET_NAME)";
				TEST_HOST = "$(BUILT_PRODUCTS_DIR)/VideoPlayerDemo.app/VideoPlayerDemo";
			};
			name = Release;
		};
		C6D299191D26AA14003BA966 /* Debug */ = {
			isa = XCBuildConfiguration;
			buildSettings = {
				INFOPLIST_FILE = VideoPlayerDemoUITests/Info.plist;
				LD_RUNPATH_SEARCH_PATHS = "$(inherited) @executable_path/Frameworks @loader_path/Frameworks";
				PRODUCT_BUNDLE_IDENTIFIER = com.wagnshuang.VideoPlayerDemoUITests;
				PRODUCT_NAME = "$(TARGET_NAME)";
				TEST_TARGET_NAME = VideoPlayerDemo;
			};
			name = Debug;
		};
		C6D2991A1D26AA14003BA966 /* Release */ = {
			isa = XCBuildConfiguration;
			buildSettings = {
				INFOPLIST_FILE = VideoPlayerDemoUITests/Info.plist;
				LD_RUNPATH_SEARCH_PATHS = "$(inherited) @executable_path/Frameworks @loader_path/Frameworks";
				PRODUCT_BUNDLE_IDENTIFIER = com.wagnshuang.VideoPlayerDemoUITests;
				PRODUCT_NAME = "$(TARGET_NAME)";
				TEST_TARGET_NAME = VideoPlayerDemo;
			};
			name = Release;
		};
/* End XCBuildConfiguration section */

/* Begin XCConfigurationList section */
		C6D298E01D26AA14003BA966 /* Build configuration list for PBXProject "VideoPlayerDemo" */ = {
			isa = XCConfigurationList;
			buildConfigurations = (
				C6D299101D26AA14003BA966 /* Debug */,
				C6D299111D26AA14003BA966 /* Release */,
			);
			defaultConfigurationIsVisible = 0;
			defaultConfigurationName = Release;
		};
		C6D299121D26AA14003BA966 /* Build configuration list for PBXNativeTarget "VideoPlayerDemo" */ = {
			isa = XCConfigurationList;
			buildConfigurations = (
				C6D299131D26AA14003BA966 /* Debug */,
				C6D299141D26AA14003BA966 /* Release */,
			);
			defaultConfigurationIsVisible = 0;
		};
		C6D299151D26AA14003BA966 /* Build configuration list for PBXNativeTarget "VideoPlayerDemoTests" */ = {
			isa = XCConfigurationList;
			buildConfigurations = (
				C6D299161D26AA14003BA966 /* Debug */,
				C6D299171D26AA14003BA966 /* Release */,
			);
			defaultConfigurationIsVisible = 0;
		};
		C6D299181D26AA14003BA966 /* Build configuration list for PBXNativeTarget "VideoPlayerDemoUITests" */ = {
			isa = XCConfigurationList;
			buildConfigurations = (
				C6D299191D26AA14003BA966 /* Debug */,
				C6D2991A1D26AA14003BA966 /* Release */,
			);
			defaultConfigurationIsVisible = 0;
		};
/* End XCConfigurationList section */
	};
	rootObject = C6D298DD1D26AA14003BA966 /* Project object */;
}
